
Microsoft Visual Studio Solution File, Format Version 12.00
# Visual Studio Version 16
VisualStudioVersion = 16.0.31129.286
MinimumVisualStudioVersion = 10.0.40219.1
Project("{FAE04EC0-301F-11D3-BF4B-00C04F79EFBC}") = "ColegioForms", "ColegioForms\ColegioForms.csproj", "{5CC96702-5CE0-4C0D-8F4A-32D9EA710DA6}"
EndProject
Global
	GlobalSection(SolutionConfigurationPlatforms) = preSolution
		Debug|Any CPU = Debug|Any CPU
		Release|Any CPU = Release|Any CPU
	EndGlobalSection
	GlobalSection(ProjectConfigurationPlatforms) = postSolution
		{5CC96702-5CE0-4C0D-8F4A-32D9EA710DA6}.Debug|Any CPU.ActiveCfg = Debug|Any CPU
		{5CC96702-5CE0-4C0D-8F4A-32D9EA710DA6}.Debug|Any CPU.Build.0 = Debug|Any CPU
		{5CC96702-5CE0-4C0D-8F4A-32D9EA710DA6}.Release|Any CPU.ActiveCfg = Release|Any CPU
		{5CC96702-5CE0-4C0D-8F4A-32D9EA710DA6}.Release|Any CPU.Build.0 = Release|Any CPU
	EndGlobalSection
	GlobalSection(SolutionProperties) = preSolution
		HideSolutionNode = FALSE
	EndGlobalSection
	GlobalSection(ExtensibilityGlobals) = postSolution
		SolutionGuid = {EECC2D65-4289-493F-9404-48681258B8C1}
	EndGlobalSection
EndGlobal
